
Microsoft Visual Studio Solution File, Format Version 12.00
# Visual Studio Version 16
VisualStudioVersion = 16.0.28803.452
MinimumVisualStudioVersion = 10.0.40219.1
Project("{FAE04EC0-301F-11D3-BF4B-00C04F79EFBC}") = "StudentLibrary", "StudentLibrary\StudentLibrary.csproj", "{527D9BC1-557C-44A6-B354-8B8BA2736A86}"
EndProject
Global
	GlobalSection(SolutionConfigurationPlatforms) = preSolution
		Debug|Any CPU = Debug|Any CPU
		Release|Any CPU = Release|Any CPU
	EndGlobalSection
	GlobalSection(ProjectConfigurationPlatforms) = postSolution
		{527D9BC1-557C-44A6-B354-8B8BA2736A86}.Debug|Any CPU.ActiveCfg = Debug|Any CPU
		{527D9BC1-557C-44A6-B354-8B8BA2736A86}.Debug|Any CPU.Build.0 = Debug|Any CPU
		{527D9BC1-557C-44A6-B354-8B8BA2736A86}.Release|Any CPU.ActiveCfg = Release|Any CPU
		{527D9BC1-557C-44A6-B354-8B8BA2736A86}.Release|Any CPU.Build.0 = Release|Any CPU
	EndGlobalSection
	GlobalSection(SolutionProperties) = preSolution
		HideSolutionNode = FALSE
	EndGlobalSection
	GlobalSection(ExtensibilityGlobals) = postSolution
		SolutionGuid = {300059F3-8FB9-44F4-A0D2-EC093581E647}
	EndGlobalSection
EndGlobal
